
Microsoft Visual Studio Solution File, Format Version 12.00
# Visual Studio 15
VisualStudioVersion = 15.0.28307.1000
MinimumVisualStudioVersion = 10.0.40219.1
Project("{FAE04EC0-301F-11D3-BF4B-00C04F79EFBC}") = "DownloadCosmosDataAad", "DownloadCosmosDataAad\DownloadCosmosDataAad.csproj", "{94BD057C-CDBF-4540-8F19-2CC6951309F8}"
EndProject
Global
	GlobalSection(SolutionConfigurationPlatforms) = preSolution
		Debug|Any CPU = Debug|Any CPU
		Release|Any CPU = Release|Any CPU
	EndGlobalSection
	GlobalSection(ProjectConfigurationPlatforms) = postSolution
		{94BD057C-CDBF-4540-8F19-2CC6951309F8}.Debug|Any CPU.ActiveCfg = Debug|Any CPU
		{94BD057C-CDBF-4540-8F19-2CC6951309F8}.Debug|Any CPU.Build.0 = Debug|Any CPU
		{94BD057C-CDBF-4540-8F19-2CC6951309F8}.Release|Any CPU.ActiveCfg = Release|Any CPU
		{94BD057C-CDBF-4540-8F19-2CC6951309F8}.Release|Any CPU.Build.0 = Release|Any CPU
	EndGlobalSection
	GlobalSection(SolutionProperties) = preSolution
		HideSolutionNode = FALSE
	EndGlobalSection
	GlobalSection(ExtensibilityGlobals) = postSolution
		SolutionGuid = {301D8BC9-8A53-4B21-AF8E-03EF31CFB93A}
	EndGlobalSection
EndGlobal
